# This file is autogenerated, do not edit; changes may be undone by the next 'dep ensure'.


[[projects]]
  name = "github.com/RoaringBitmap/roaring"
  packages = ["."]
  revision = "84551f0e309d6f9bafa428ef39b31ab7f16ff7b8"
  version = "v0.4.1"

[[projects]]
  branch = "master"
  name = "github.com/akillmer/go-socket"
  packages = ["."]
  revision = "22188e8e77be2cc9f54f0e71be58910651fbcb11"

[[projects]]
  branch = "master"
  name = "github.com/anacrolix/dht"
  packages = [".","krpc"]
  revision = "4095758d71c71174c5452ba40812f4d82e248f2b"

[[projects]]
  branch = "master"
  name = "github.com/anacrolix/go-libutp"
  packages = ["."]
  revision = "60c9e10ff574d6752815e0cb6951686514043507"

[[projects]]
  branch = "master"
  name = "github.com/anacrolix/log"
  packages = ["."]
  revision = "eb919b3464e53accd7c40c5970e28e8705afbd20"

[[projects]]
  branch = "master"
  name = "github.com/anacrolix/missinggo"
  packages = [".","assert","bitmap","httptoo","inproc","iter","mime","orderedmap","perf","pproffd","prioritybitmap","pubsub","resource","slices","x"]
  revision = "d5dab7702350346a90f2dd125e8f2c2f48602960"

[[projects]]
  branch = "master"
  name = "github.com/anacrolix/mmsg"
  packages = [".","socket"]
  revision = "16d9a5f35402e33c2fe396f1aa7de06f245fa62d"

[[projects]]
  branch = "master"
  name = "github.com/anacrolix/sync"
  packages = ["."]
  revision = "eee974e4f8c1e1f38d16e32713dd408d6b02ca55"

[[projects]]
  branch = "master"
  name = "github.com/anacrolix/torrent"
  packages = [".","bencode","iplist","logonce","metainfo","mmap_span","mse","peer_protocol","storage","tracker","util"]
  revision = "8a43910e2d81a5202373bab8e2cbc3cbbf2ceb23"

[[projects]]
  branch = "master"
  name = "github.com/anacrolix/utp"
  packages = ["."]
  revision = "b98b0567238c784541ef9782eb19134556e48e2e"

[[projects]]
  name = "github.com/bkaradzic/go-lz4"
  packages = ["."]
  revision = "74ddf82598bc4745b965729e9c6a463bedd33049"
  version = "v1.0.0"

[[projects]]
  name = "github.com/boltdb/bolt"
  packages = ["."]
  revision = "2f1ce7a837dcb8da3ec595b1dac9d0632f0f99e8"
  version = "v1.3.1"

[[projects]]
  branch = "master"
  name = "github.com/bradfitz/iter"
  packages = ["."]
  revision = "454541ec3da2a73fc34fd049b19ee5777bf19345"

[[projects]]
  name = "github.com/calmh/du"
  packages = ["."]
  revision = "dd9dc2043353249b2910b29dcfd6f6d4e64f39be"
  version = "v1.0.1"

[[projects]]
  name = "github.com/calmh/xdr"
  packages = ["."]
  revision = "f9b9f8f7aa27725f5cabb699bd9099ca7ce09143"
  version = "v2.0.1"

[[projects]]
  name = "github.com/davecgh/go-spew"
  packages = ["spew"]
  revision = "346938d642f2ec3594ed81d874461961cd0faa76"
  version = "v1.1.0"

[[projects]]
  branch = "master"
  name = "github.com/dustin/go-humanize"
  packages = ["."]
  revision = "bb3d318650d48840a39aa21a027c6630e198e626"

[[projects]]
  branch = "master"
  name = "github.com/edsrzf/mmap-go"
  packages = ["."]
  revision = "0bce6a6887123b67a60366d2c9fe2dfb74289d2e"

[[projects]]
  branch = "master"
  name = "github.com/glycerine/go-unsnap-stream"
  packages = ["."]
  revision = "62a9a9eb44fd8932157b1a8ace2149eff5971af6"

[[projects]]
  name = "github.com/gogo/protobuf"
  packages = ["gogoproto","proto","protoc-gen-gogo/descriptor"]
  revision = "342cbe0a04158f6dcb03ca0079991a51a4248c02"
  version = "v0.5"

[[projects]]
  branch = "master"
  name = "github.com/golang/snappy"
  packages = ["."]
  revision = "553a641470496b2327abcac10b36396bd98e45c9"

[[projects]]
  branch = "master"
  name = "github.com/google/btree"
  packages = ["."]
  revision = "e89373fe6b4a7413d7acd6da1725b83ef713e6e4"

[[projects]]
  name = "github.com/gorilla/websocket"
  packages = ["."]
  revision = "ea4d1f681babbce9545c9c5f3d5194a789c89f5b"
  version = "v1.2.0"

[[projects]]
  branch = "master"
  name = "github.com/kardianos/osext"
  packages = ["."]
  revision = "ae77be60afb1dcacde03767a8c37337fad28ac14"

[[projects]]
  name = "github.com/mattn/go-sqlite3"
  packages = ["."]
  revision = "6c771bb9887719704b210e87e934f08be014bdb1"
  version = "v1.6.0"

[[projects]]
  branch = "master"
  name = "github.com/minio/sha256-simd"
  packages = ["."]
  revision = "ad98a36ba0da87206e3378c556abbfeaeaa98668"

[[projects]]
  branch = "master"
  name = "github.com/mschoch/smat"
  packages = ["."]
  revision = "90eadee771aeab36e8bf796039b8c261bebebe4f"

[[projects]]
  branch = "master"
  name = "github.com/petar/GoLLRB"
  packages = ["llrb"]
  revision = "53be0d36a84c2a886ca057d34b6aa4468df9ccb4"

[[projects]]
  branch = "master"
  name = "github.com/petermattis/goid"
  packages = ["."]
  revision = "176e84a949d354dcef722e602b312b1a75bacddc"

[[projects]]
  name = "github.com/philhofer/fwd"
  packages = ["."]
  revision = "bb6d471dc95d4fe11e432687f8b70ff496cf3136"
  version = "v1.0.0"

[[projects]]
  branch = "master"
  name = "github.com/ryszard/goskiplist"
  packages = ["skiplist"]
  revision = "2dfbae5fcf46374f166f8969cb07e167f1be6273"

[[projects]]
  name = "github.com/sasha-s/go-deadlock"
  packages = ["."]
  revision = "03d40e5dbd5488667a13b3c2600b2f7c2886f02f"
  version = "v0.2.0"

[[projects]]
  name = "github.com/spaolacci/murmur3"
  packages = ["."]
  revision = "9f5d223c60793748f04a9d5b4b4eacddfc1f755d"
  version = "v1.1"

[[projects]]
  name = "github.com/syncthing/syncthing"
  packages = ["lib/config","lib/dialer","lib/events","lib/fs","lib/logger","lib/nat","lib/osutil","lib/protocol","lib/rand","lib/sha256","lib/signature","lib/sync","lib/upgrade","lib/upnp","lib/util"]
  revision = "a9f0659f2f4bf910f82b652fd27a864074ec7ab8"
  version = "v0.14.43"

[[projects]]
  name = "github.com/teris-io/shortid"
  packages = ["."]
  revision = "6c56cef5189ca1b3d5ef01dc07f4d611dfc0bb33"
  version = "v1.0"

[[projects]]
  name = "github.com/tinylib/msgp"
  packages = ["msgp"]
  revision = "b2b6a672cf1e5b90748f79b8b81fc8c5cf0571a1"
  version = "1.0.2"

[[projects]]
  name = "github.com/willf/bitset"
  packages = ["."]
  revision = "d860f346b89450988a379d7d705e83c58d1ea227"
  version = "v1.1.3"

[[projects]]
  name = "github.com/willf/bloom"
  packages = ["."]
  revision = "54e3b963ee1652b06c4562cb9b6020ebc6e36e59"
  version = "v2.0.3"

[[projects]]
  branch = "master"
  name = "github.com/zillode/notify"
  packages = ["."]
  revision = "8fff849a2026ce7a59f67ed9747dd9c7adc8bd0b"

[[projects]]
  branch = "master"
  name = "golang.org/x/net"
  packages = ["bpf","context","internal/iana","internal/socket","ipv4","ipv6","proxy"]
  revision = "b417086c80e91bfa321ef761574721644b8b9f61"

[[projects]]
  branch = "master"
  name = "golang.org/x/sys"
  packages = ["unix"]
  revision = "8f27ce8a604014414f8dfffc25cbcde83a3f2216"

[[projects]]
  branch = "master"
  name = "golang.org/x/text"
  packages = ["internal/gen","internal/triegen","internal/ucd","transform","unicode/cldr","unicode/norm"]
  revision = "e19ae1496984b1c655b8044a65c0300a3c878dd3"

[[projects]]
  branch = "master"
  name = "golang.org/x/time"
  packages = ["rate"]
  revision = "6dc17368e09b0e8634d71cac8168d853e869a0c7"

[solve-meta]
  analyzer-name = "dep"
  analyzer-version = 1
  inputs-digest = "17946b7f8c777977529c1f8cce2aebbb1ec6d3498773ca27212de561293e1766"
  solver-name = "gps-cdcl"
  solver-version = 1
